
Microsoft Visual Studio Solution File, Format Version 12.00
# Visual Studio Version 17
VisualStudioVersion = 17.5.33530.505
MinimumVisualStudioVersion = 10.0.40219.1
Project("{FAE04EC0-301F-11D3-BF4B-00C04F79EFBC}") = "HOJA_DE_TRABAJO_FINAL", "HOJA_DE_TRABAJO_FINAL.csproj", "{720DF961-CD48-4411-8988-4C36C17E2A2B}"
EndProject
Global
	GlobalSection(SolutionConfigurationPlatforms) = preSolution
		Debug|Any CPU = Debug|Any CPU
		Release|Any CPU = Release|Any CPU
	EndGlobalSection
	GlobalSection(ProjectConfigurationPlatforms) = postSolution
		{720DF961-CD48-4411-8988-4C36C17E2A2B}.Debug|Any CPU.ActiveCfg = Debug|Any CPU
		{720DF961-CD48-4411-8988-4C36C17E2A2B}.Debug|Any CPU.Build.0 = Debug|Any CPU
		{720DF961-CD48-4411-8988-4C36C17E2A2B}.Release|Any CPU.ActiveCfg = Release|Any CPU
		{720DF961-CD48-4411-8988-4C36C17E2A2B}.Release|Any CPU.Build.0 = Release|Any CPU
	EndGlobalSection
	GlobalSection(SolutionProperties) = preSolution
		HideSolutionNode = FALSE
	EndGlobalSection
	GlobalSection(ExtensibilityGlobals) = postSolution
		SolutionGuid = {DF928B8F-17ED-4680-B16A-6DD4233753EA}
	EndGlobalSection
EndGlobal
